<?xml version="1.0" encoding="utf-8"?>
<Project ToolsVersion="4.0" xmlns="http://schemas.microsoft.com/developer/msbuild/2003">
  <ItemGroup>
    <Filter Include="Source Files">
      <UniqueIdentifier>{4FC737F1-C7A5-4376-A066-2A32D752A2FF}</UniqueIdentifier>
      <Extensions>cpp;c;cc;cxx;def;odl;idl;hpj;bat;asm;asmx</Extensions>
    </Filter>
    <Filter Include="Header Files">
      <UniqueIdentifier>{93995380-89BD-4b04-88EB-625FBE52EBFB}</UniqueIdentifier>
      <Extensions>h;hh;hpp;hxx;hm;inl;inc;xsd</Extensions>
    </Filter>
    <Filter Include="Resource Files">
      <UniqueIdentifier>{67DA6AB6-F800-4c08-8B7A-83BB121AAD01}</UniqueIdentifier>
      <Extensions>rc;ico;cur;bmp;dlg;rc2;rct;bin;rgs;gif;jpg;jpeg;jpe;resx;tiff;tif;png;wav;mfcribbon-ms</Extensions>
    </Filter>
  </ItemGroup>
  <ItemGroup>
    <ClInclude Include="plange_grammar.hpp">
      <Filter>Header Files</Filter>
    </ClInclude>
    <ClInclude Include="Scope.h">
      <Filter>Header Files</Filter>
    </ClInclude>
    <ClInclude Include="SourceCode.h">
      <Filter>Header Files</Filter>
    </ClInclude>
    <ClInclude Include="Constant.h">
      <Filter>Header Files</Filter>
    </ClInclude>
    <ClInclude Include="Assertion.h">
      <Filter>Header Files</Filter>
    </ClInclude>
    <ClInclude Include="Statement.h">
      <Filter>Header Files</Filter>
    </ClInclude>
    <ClInclude Include="Variable.h">
      <Filter>Header Files</Filter>
    </ClInclude>
    <ClInclude Include="FunctionModel.h">
      <Filter>Header Files</Filter>
    </ClInclude>
    <ClInclude Include="SideEffect.h">
      <Filter>Header Files</Filter>
    </ClInclude>
    <ClInclude Include="Thread.h">
      <Filter>Header Files</Filter>
    </ClInclude>
    <ClInclude Include="Errors.h">
      <Filter>Header Files</Filter>
    </ClInclude>
    <ClInclude Include="Warnings.h">
      <Filter>Header Files</Filter>
    </ClInclude>
    <ClInclude Include="Assignment.h">
      <Filter>Header Files</Filter>
    </ClInclude>
    <ClInclude Include="Relation.h">
      <Filter>Header Files</Filter>
    </ClInclude>
    <ClInclude Include="Declaration.h">
      <Filter>Header Files</Filter>
    </ClInclude>
    <ClInclude Include="Definition.h">
      <Filter>Header Files</Filter>
    </ClInclude>
    <ClInclude Include="Do.h">
      <Filter>Header Files</Filter>
    </ClInclude>
    <ClInclude Include="ExpressionStatement.h">
      <Filter>Header Files</Filter>
    </ClInclude>
    <ClInclude Include="For.h">
      <Filter>Header Files</Filter>
    </ClInclude>
    <ClInclude Include="ForCollection.h">
      <Filter>Header Files</Filter>
    </ClInclude>
    <ClInclude Include="Free.h">
      <Filter>Header Files</Filter>
    </ClInclude>
    <ClInclude Include="Import.h">
      <Filter>Header Files</Filter>
    </ClInclude>
    <ClInclude Include="Loop.h">
      <Filter>Header Files</Filter>
    </ClInclude>
    <ClInclude Include="Throw.h">
      <Filter>Header Files</Filter>
    </ClInclude>
    <ClInclude Include="Return.h">
      <Filter>Header Files</Filter>
    </ClInclude>
    <ClInclude Include="Try.h">
      <Filter>Header Files</Filter>
    </ClInclude>
    <ClInclude Include="Break.h">
      <Filter>Header Files</Filter>
    </ClInclude>
    <ClInclude Include="Continue.h">
      <Filter>Header Files</Filter>
    </ClInclude>
    <ClInclude Include="Expression.h">
      <Filter>Header Files</Filter>
    </ClInclude>
    <ClInclude Include="CasInterface.h">
      <Filter>Header Files</Filter>
    </ClInclude>
    <ClInclude Include="exec-stream.h">
      <Filter>Header Files</Filter>
    </ClInclude>
    <ClInclude Include="MathematicaInterface.h">
      <Filter>Header Files</Filter>
    </ClInclude>
    <ClInclude Include="ArrayExp.h">
      <Filter>Header Files</Filter>
    </ClInclude>
    <ClInclude Include="AdditionExp.h">
      <Filter>Header Files</Filter>
    </ClInclude>
    <ClInclude Include="AllocationExp.h">
      <Filter>Header Files</Filter>
    </ClInclude>
    <ClInclude Include="BinaryOpExp.h">
      <Filter>Header Files</Filter>
    </ClInclude>
    <ClInclude Include="AsmFunctionExp.h">
      <Filter>Header Files</Filter>
    </ClInclude>
    <ClInclude Include="BoolExp.h">
      <Filter>Header Files</Filter>
    </ClInclude>
    <ClInclude Include="StringExp.h">
      <Filter>Header Files</Filter>
    </ClInclude>
    <ClInclude Include="CastExp.h">
      <Filter>Header Files</Filter>
    </ClInclude>
    <ClInclude Include="value.h">
      <Filter>Header Files</Filter>
    </ClInclude>
    <ClInclude Include="plange.h">
      <Filter>Header Files</Filter>
    </ClInclude>
    <ClInclude Include="CeilingExp.h">
      <Filter>Header Files</Filter>
    </ClInclude>
    <ClInclude Include="CompoundExp.h">
      <Filter>Header Files</Filter>
    </ClInclude>
    <ClInclude Include="ConditionalExp.h">
      <Filter>Header Files</Filter>
    </ClInclude>
    <ClInclude Include="execution_context.h">
      <Filter>Header Files</Filter>
    </ClInclude>
    <ClInclude Include="DivisionExp.h">
      <Filter>Header Files</Filter>
    </ClInclude>
    <ClInclude Include="DeltaExp.h">
      <Filter>Header Files</Filter>
    </ClInclude>
    <ClInclude Include="IdentifierExp.h">
      <Filter>Header Files</Filter>
    </ClInclude>
    <ClInclude Include="MemberAccessExp.h">
      <Filter>Header Files</Filter>
    </ClInclude>
    <ClInclude Include="DimensionalNumberExp.h">
      <Filter>Header Files</Filter>
    </ClInclude>
    <ClInclude Include="FactorialExp.h">
      <Filter>Header Files</Filter>
    </ClInclude>
    <ClInclude Include="FloorExp.h">
      <Filter>Header Files</Filter>
    </ClInclude>
    <ClInclude Include="FunctionExp.h">
      <Filter>Header Files</Filter>
    </ClInclude>
    <ClInclude Include="SetExp.h">
      <Filter>Header Files</Filter>
    </ClInclude>
    <ClInclude Include="IfExp.h">
      <Filter>Header Files</Filter>
    </ClInclude>
    <ClInclude Include="InvocationExp.h">
      <Filter>Header Files</Filter>
    </ClInclude>
    <ClInclude Include="ListExp.h">
      <Filter>Header Files</Filter>
    </ClInclude>
    <ClInclude Include="MagnitudeExp.h">
      <Filter>Header Files</Filter>
    </ClInclude>
    <ClInclude Include="NearestIntegerExp.h">
      <Filter>Header Files</Filter>
    </ClInclude>
    <ClInclude Include="NonNegativeNumberExp.h">
      <Filter>Header Files</Filter>
    </ClInclude>
    <ClInclude Include="ParentheticalExp.h">
      <Filter>Header Files</Filter>
    </ClInclude>
    <ClInclude Include="RadicalExp.h">
      <Filter>Header Files</Filter>
    </ClInclude>
    <ClInclude Include="MapExpression.h">
      <Filter>Header Files</Filter>
    </ClInclude>
    <ClInclude Include="PropertyExp.h">
      <Filter>Header Files</Filter>
    </ClInclude>
    <ClInclude Include="RangeExp.h">
      <Filter>Header Files</Filter>
    </ClInclude>
    <ClInclude Include="SetComprehensionExp.h">
      <Filter>Header Files</Filter>
    </ClInclude>
    <ClInclude Include="TupleExp.h">
      <Filter>Header Files</Filter>
    </ClInclude>
    <ClInclude Include="TypeExp.h">
      <Filter>Header Files</Filter>
    </ClInclude>
    <ClInclude Include="UnaryOpExp.h">
      <Filter>Header Files</Filter>
    </ClInclude>
    <ClInclude Include="VectorNormExp.h">
      <Filter>Header Files</Filter>
    </ClInclude>
    <ClInclude Include="CardinalityExp.h">
      <Filter>Header Files</Filter>
    </ClInclude>
    <ClInclude Include="KleeneStarExp.h">
      <Filter>Header Files</Filter>
    </ClInclude>
    <ClInclude Include="NegationExp.h">
      <Filter>Header Files</Filter>
    </ClInclude>
    <ClInclude Include="PostDecExp.h">
      <Filter>Header Files</Filter>
    </ClInclude>
    <ClInclude Include="PostIncExp.h">
      <Filter>Header Files</Filter>
    </ClInclude>
    <ClInclude Include="PreDecExp.h">
      <Filter>Header Files</Filter>
    </ClInclude>
    <ClInclude Include="PreIncExp.h">
      <Filter>Header Files</Filter>
    </ClInclude>
    <ClInclude Include="NotExp.h">
      <Filter>Header Files</Filter>
    </ClInclude>
    <ClInclude Include="AllExp.h">
      <Filter>Header Files</Filter>
    </ClInclude>
    <ClInclude Include="ExistsExp.h">
      <Filter>Header Files</Filter>
    </ClInclude>
    <ClInclude Include="ExistsOneExp.h">
      <Filter>Header Files</Filter>
    </ClInclude>
    <ClInclude Include="SubtractionExp.h">
      <Filter>Header Files</Filter>
    </ClInclude>
    <ClInclude Include="AddSubExp.h">
      <Filter>Header Files</Filter>
    </ClInclude>
    <ClInclude Include="MultiplicationExp.h">
      <Filter>Header Files</Filter>
    </ClInclude>
    <ClInclude Include="DotProductExp.h">
      <Filter>Header Files</Filter>
    </ClInclude>
    <ClInclude Include="CrossProductExp.h">
      <Filter>Header Files</Filter>
    </ClInclude>
    <ClInclude Include="ExponentiationExp.h">
      <Filter>Header Files</Filter>
    </ClInclude>
    <ClInclude Include="ShiftLExp.h">
      <Filter>Header Files</Filter>
    </ClInclude>
    <ClInclude Include="ShiftRExp.h">
      <Filter>Header Files</Filter>
    </ClInclude>
    <ClInclude Include="BitAndExp.h">
      <Filter>Header Files</Filter>
    </ClInclude>
    <ClInclude Include="BitOrExp.h">
      <Filter>Header Files</Filter>
    </ClInclude>
    <ClInclude Include="BitXorExp.h">
      <Filter>Header Files</Filter>
    </ClInclude>
    <ClInclude Include="DifferenceExp.h">
      <Filter>Header Files</Filter>
    </ClInclude>
    <ClInclude Include="IntersectionExp.h">
      <Filter>Header Files</Filter>
    </ClInclude>
    <ClInclude Include="SymmetricDifferenceExp.h">
      <Filter>Header Files</Filter>
    </ClInclude>
    <ClInclude Include="UnionExp.h">
      <Filter>Header Files</Filter>
    </ClInclude>
    <ClInclude Include="ComplementExp.h">
      <Filter>Header Files</Filter>
    </ClInclude>
    <ClInclude Include="CompositionExp.h">
      <Filter>Header Files</Filter>
    </ClInclude>
    <ClInclude Include="PrependExp.h">
      <Filter>Header Files</Filter>
    </ClInclude>
    <ClInclude Include="NullCoalesceExp.h">
      <Filter>Header Files</Filter>
    </ClInclude>
    <ClInclude Include="AndExp.h">
      <Filter>Header Files</Filter>
    </ClInclude>
    <ClInclude Include="OrExp.h">
      <Filter>Header Files</Filter>
    </ClInclude>
    <ClInclude Include="XorExp.h">
      <Filter>Header Files</Filter>
    </ClInclude>
    <ClInclude Include="NandExp.h">
      <Filter>Header Files</Filter>
    </ClInclude>
    <ClInclude Include="NorExp.h">
      <Filter>Header Files</Filter>
    </ClInclude>
    <ClInclude Include="ImplicationExp.h">
      <Filter>Header Files</Filter>
    </ClInclude>
    <ClInclude Include="IffExp.h">
      <Filter>Header Files</Filter>
    </ClInclude>
    <ClInclude Include="MapsToExp.h">
      <Filter>Header Files</Filter>
    </ClInclude>
    <ClInclude Include="BijectionExp.h">
      <Filter>Header Files</Filter>
    </ClInclude>
    <ClInclude Include="EqualityExp.h">
      <Filter>Header Files</Filter>
    </ClInclude>
    <ClInclude Include="InequalityExp.h">
      <Filter>Header Files</Filter>
    </ClInclude>
    <ClInclude Include="LesserThanExp.h">
      <Filter>Header Files</Filter>
    </ClInclude>
    <ClInclude Include="GreaterThanExp.h">
      <Filter>Header Files</Filter>
    </ClInclude>
    <ClInclude Include="NotGreaterThan.h">
      <Filter>Header Files</Filter>
    </ClInclude>
    <ClInclude Include="NotLesserThan.h">
      <Filter>Header Files</Filter>
    </ClInclude>
    <ClInclude Include="SubsetExp.h">
      <Filter>Header Files</Filter>
    </ClInclude>
    <ClInclude Include="ProperSubsetExp.h">
      <Filter>Header Files</Filter>
    </ClInclude>
    <ClInclude Include="SupersetExp.h">
      <Filter>Header Files</Filter>
    </ClInclude>
    <ClInclude Include="ProperSupersetExp.h">
      <Filter>Header Files</Filter>
    </ClInclude>
    <ClInclude Include="InExp.h">
      <Filter>Header Files</Filter>
    </ClInclude>
    <ClInclude Include="NotInExp.h">
      <Filter>Header Files</Filter>
    </ClInclude>
    <ClInclude Include="HasExp.h">
      <Filter>Header Files</Filter>
    </ClInclude>
    <ClInclude Include="NotHasExp.h">
      <Filter>Header Files</Filter>
    </ClInclude>
    <ClInclude Include="CastsExp.h">
      <Filter>Header Files</Filter>
    </ClInclude>
    <ClInclude Include="IsExp.h">
      <Filter>Header Files</Filter>
    </ClInclude>
    <ClInclude Include="ModulationExp.h">
      <Filter>Header Files</Filter>
    </ClInclude>
    <ClInclude Include="IntegerDivisionExp.h">
      <Filter>Header Files</Filter>
    </ClInclude>
  </ItemGroup>
  <ItemGroup>
    <ClCompile Include="plange_grammar.cpp">
      <Filter>Source Files</Filter>
    </ClCompile>
    <ClCompile Include="main.cpp">
      <Filter>Source Files</Filter>
    </ClCompile>
    <ClCompile Include="Scope.cpp">
      <Filter>Source Files</Filter>
    </ClCompile>
    <ClCompile Include="SourceCode.cpp">
      <Filter>Source Files</Filter>
    </ClCompile>
    <ClCompile Include="Constant.cpp">
      <Filter>Source Files</Filter>
    </ClCompile>
    <ClCompile Include="Assertion.cpp">
      <Filter>Source Files</Filter>
    </ClCompile>
    <ClCompile Include="Statement.cpp">
      <Filter>Source Files</Filter>
    </ClCompile>
    <ClCompile Include="Variable.cpp">
      <Filter>Source Files</Filter>
    </ClCompile>
    <ClCompile Include="FunctionModel.cpp">
      <Filter>Source Files</Filter>
    </ClCompile>
    <ClCompile Include="SideEffect.cpp">
      <Filter>Source Files</Filter>
    </ClCompile>
    <ClCompile Include="Thread.cpp">
      <Filter>Source Files</Filter>
    </ClCompile>
    <ClCompile Include="Errors.cpp">
      <Filter>Source Files</Filter>
    </ClCompile>
    <ClCompile Include="Warnings.cpp">
      <Filter>Source Files</Filter>
    </ClCompile>
    <ClCompile Include="Assignment.cpp">
      <Filter>Source Files</Filter>
    </ClCompile>
    <ClCompile Include="Relation.cpp">
      <Filter>Source Files</Filter>
    </ClCompile>
    <ClCompile Include="Declaration.cpp">
      <Filter>Source Files</Filter>
    </ClCompile>
    <ClCompile Include="Definition.cpp">
      <Filter>Source Files</Filter>
    </ClCompile>
    <ClCompile Include="Do.cpp">
      <Filter>Source Files</Filter>
    </ClCompile>
    <ClCompile Include="ExpressionStatement.cpp">
      <Filter>Source Files</Filter>
    </ClCompile>
    <ClCompile Include="For.cpp">
      <Filter>Source Files</Filter>
    </ClCompile>
    <ClCompile Include="ForCollection.cpp">
      <Filter>Source Files</Filter>
    </ClCompile>
    <ClCompile Include="Free.cpp">
      <Filter>Source Files</Filter>
    </ClCompile>
    <ClCompile Include="Import.cpp">
      <Filter>Source Files</Filter>
    </ClCompile>
    <ClCompile Include="Loop.cpp">
      <Filter>Source Files</Filter>
    </ClCompile>
    <ClCompile Include="Throw.cpp">
      <Filter>Source Files</Filter>
    </ClCompile>
    <ClCompile Include="Return.cpp">
      <Filter>Source Files</Filter>
    </ClCompile>
    <ClCompile Include="Try.cpp">
      <Filter>Source Files</Filter>
    </ClCompile>
    <ClCompile Include="Break.cpp">
      <Filter>Source Files</Filter>
    </ClCompile>
    <ClCompile Include="Continue.cpp">
      <Filter>Source Files</Filter>
    </ClCompile>
    <ClCompile Include="Expression.cpp">
      <Filter>Source Files</Filter>
    </ClCompile>
    <ClCompile Include="exec-stream.cpp">
      <Filter>Source Files</Filter>
    </ClCompile>
    <ClCompile Include="MathematicaInterface.cpp">
      <Filter>Source Files</Filter>
    </ClCompile>
    <ClCompile Include="ArrayExp.cpp">
      <Filter>Source Files</Filter>
    </ClCompile>
    <ClCompile Include="AdditionExp.cpp">
      <Filter>Source Files</Filter>
    </ClCompile>
    <ClCompile Include="AllocationExp.cpp">
      <Filter>Source Files</Filter>
    </ClCompile>
    <ClCompile Include="BinaryOpExp.cpp">
      <Filter>Source Files</Filter>
    </ClCompile>
    <ClCompile Include="AsmFunctionExp.cpp">
      <Filter>Source Files</Filter>
    </ClCompile>
    <ClCompile Include="BoolExp.cpp">
      <Filter>Source Files</Filter>
    </ClCompile>
    <ClCompile Include="StringExp.cpp">
      <Filter>Source Files</Filter>
    </ClCompile>
    <ClCompile Include="CastExp.cpp">
      <Filter>Source Files</Filter>
    </ClCompile>
    <ClCompile Include="value.cpp">
      <Filter>Source Files</Filter>
    </ClCompile>
    <ClCompile Include="plange.cpp">
      <Filter>Source Files</Filter>
    </ClCompile>
    <ClCompile Include="CeilingExp.cpp">
      <Filter>Source Files</Filter>
    </ClCompile>
    <ClCompile Include="CompoundExp.cpp">
      <Filter>Source Files</Filter>
    </ClCompile>
    <ClCompile Include="ConditionalExp.cpp">
      <Filter>Source Files</Filter>
    </ClCompile>
    <ClCompile Include="execution_context.cpp">
      <Filter>Source Files</Filter>
    </ClCompile>
    <ClCompile Include="DivisionExp.cpp">
      <Filter>Source Files</Filter>
    </ClCompile>
    <ClCompile Include="DeltaExp.cpp">
      <Filter>Source Files</Filter>
    </ClCompile>
    <ClCompile Include="IdentifierExp.cpp">
      <Filter>Source Files</Filter>
    </ClCompile>
    <ClCompile Include="MemberAccessExp.cpp">
      <Filter>Source Files</Filter>
    </ClCompile>
    <ClCompile Include="DimensionalNumberExp.cpp">
      <Filter>Source Files</Filter>
    </ClCompile>
    <ClCompile Include="FactorialExp.cpp">
      <Filter>Source Files</Filter>
    </ClCompile>
    <ClCompile Include="FloorExp.cpp">
      <Filter>Source Files</Filter>
    </ClCompile>
    <ClCompile Include="FunctionExp.cpp">
      <Filter>Source Files</Filter>
    </ClCompile>
    <ClCompile Include="SetExp.cpp">
      <Filter>Source Files</Filter>
    </ClCompile>
    <ClCompile Include="IfExp.cpp">
      <Filter>Source Files</Filter>
    </ClCompile>
    <ClCompile Include="InvocationExp.cpp">
      <Filter>Source Files</Filter>
    </ClCompile>
    <ClCompile Include="ListExp.cpp">
      <Filter>Source Files</Filter>
    </ClCompile>
    <ClCompile Include="MagnitudeExp.cpp">
      <Filter>Source Files</Filter>
    </ClCompile>
    <ClCompile Include="NearestIntegerExp.cpp">
      <Filter>Source Files</Filter>
    </ClCompile>
    <ClCompile Include="NonNegativeNumberExp.cpp">
      <Filter>Source Files</Filter>
    </ClCompile>
    <ClCompile Include="ParentheticalExp.cpp">
      <Filter>Source Files</Filter>
    </ClCompile>
    <ClCompile Include="RadicalExp.cpp">
      <Filter>Source Files</Filter>
    </ClCompile>
    <ClCompile Include="MapExpression.cpp">
      <Filter>Source Files</Filter>
    </ClCompile>
    <ClCompile Include="PropertyExp.cpp">
      <Filter>Source Files</Filter>
    </ClCompile>
    <ClCompile Include="RangeExp.cpp">
      <Filter>Source Files</Filter>
    </ClCompile>
    <ClCompile Include="SetComprehensionExp.cpp">
      <Filter>Source Files</Filter>
    </ClCompile>
    <ClCompile Include="TupleExp.cpp">
      <Filter>Source Files</Filter>
    </ClCompile>
    <ClCompile Include="TypeExp.cpp">
      <Filter>Source Files</Filter>
    </ClCompile>
    <ClCompile Include="UnaryOpExp.cpp">
      <Filter>Source Files</Filter>
    </ClCompile>
    <ClCompile Include="VectorNormExp.cpp">
      <Filter>Source Files</Filter>
    </ClCompile>
    <ClCompile Include="CardinalityExp.cpp">
      <Filter>Source Files</Filter>
    </ClCompile>
    <ClCompile Include="KleeneStarExp.cpp">
      <Filter>Source Files</Filter>
    </ClCompile>
    <ClCompile Include="NegationExp.cpp">
      <Filter>Source Files</Filter>
    </ClCompile>
    <ClCompile Include="PostDecExp.cpp">
      <Filter>Source Files</Filter>
    </ClCompile>
    <ClCompile Include="PostIncExp.cpp">
      <Filter>Source Files</Filter>
    </ClCompile>
    <ClCompile Include="PreDecExp.cpp">
      <Filter>Source Files</Filter>
    </ClCompile>
    <ClCompile Include="PreIncExp.cpp">
      <Filter>Source Files</Filter>
    </ClCompile>
    <ClCompile Include="NotExp.cpp">
      <Filter>Source Files</Filter>
    </ClCompile>
    <ClCompile Include="AllExp.cpp">
      <Filter>Source Files</Filter>
    </ClCompile>
    <ClCompile Include="ExistsExp.cpp">
      <Filter>Source Files</Filter>
    </ClCompile>
    <ClCompile Include="ExistsOneExp.cpp">
      <Filter>Source Files</Filter>
    </ClCompile>
    <ClCompile Include="SubtractionExp.cpp">
      <Filter>Source Files</Filter>
    </ClCompile>
    <ClCompile Include="AddSubExp.cpp">
      <Filter>Source Files</Filter>
    </ClCompile>
    <ClCompile Include="MultiplicationExp.cpp">
      <Filter>Source Files</Filter>
    </ClCompile>
    <ClCompile Include="DotProductExp.cpp">
      <Filter>Source Files</Filter>
    </ClCompile>
    <ClCompile Include="CrossProductExp.cpp">
      <Filter>Source Files</Filter>
    </ClCompile>
    <ClCompile Include="ExponentiationExp.cpp">
      <Filter>Source Files</Filter>
    </ClCompile>
    <ClCompile Include="ShiftLExp.cpp">
      <Filter>Source Files</Filter>
    </ClCompile>
    <ClCompile Include="ShiftRExp.cpp">
      <Filter>Source Files</Filter>
    </ClCompile>
    <ClCompile Include="BitAndExp.cpp">
      <Filter>Source Files</Filter>
    </ClCompile>
    <ClCompile Include="BitOrExp.cpp">
      <Filter>Source Files</Filter>
    </ClCompile>
    <ClCompile Include="BitXorExp.cpp">
      <Filter>Source Files</Filter>
    </ClCompile>
    <ClCompile Include="DifferenceExp.cpp">
      <Filter>Source Files</Filter>
    </ClCompile>
    <ClCompile Include="IntersectionExp.cpp">
      <Filter>Source Files</Filter>
    </ClCompile>
    <ClCompile Include="SymmetricDifferenceExp.cpp">
      <Filter>Source Files</Filter>
    </ClCompile>
    <ClCompile Include="UnionExp.cpp">
      <Filter>Source Files</Filter>
    </ClCompile>
    <ClCompile Include="ComplementExp.cpp">
      <Filter>Source Files</Filter>
    </ClCompile>
    <ClCompile Include="CompositionExp.cpp">
      <Filter>Source Files</Filter>
    </ClCompile>
    <ClCompile Include="PrependExp.cpp">
      <Filter>Source Files</Filter>
    </ClCompile>
    <ClCompile Include="NullCoalesceExp.cpp">
      <Filter>Source Files</Filter>
    </ClCompile>
    <ClCompile Include="AndExp.cpp">
      <Filter>Source Files</Filter>
    </ClCompile>
    <ClCompile Include="OrExp.cpp">
      <Filter>Source Files</Filter>
    </ClCompile>
    <ClCompile Include="XorExp.cpp">
      <Filter>Source Files</Filter>
    </ClCompile>
    <ClCompile Include="NandExp.cpp">
      <Filter>Source Files</Filter>
    </ClCompile>
    <ClCompile Include="NorExp.cpp">
      <Filter>Source Files</Filter>
    </ClCompile>
    <ClCompile Include="ImplicationExp.cpp">
      <Filter>Source Files</Filter>
    </ClCompile>
    <ClCompile Include="IffExp.cpp">
      <Filter>Source Files</Filter>
    </ClCompile>
    <ClCompile Include="MapsToExp.cpp">
      <Filter>Source Files</Filter>
    </ClCompile>
    <ClCompile Include="BijectionExp.cpp">
      <Filter>Source Files</Filter>
    </ClCompile>
    <ClCompile Include="EqualityExp.cpp">
      <Filter>Source Files</Filter>
    </ClCompile>
    <ClCompile Include="InequalityExp.cpp">
      <Filter>Source Files</Filter>
    </ClCompile>
    <ClCompile Include="LesserThanExp.cpp">
      <Filter>Source Files</Filter>
    </ClCompile>
    <ClCompile Include="GreaterThanExp.cpp">
      <Filter>Source Files</Filter>
    </ClCompile>
    <ClCompile Include="NotGreaterThan.cpp">
      <Filter>Source Files</Filter>
    </ClCompile>
    <ClCompile Include="NotLesserThan.cpp">
      <Filter>Source Files</Filter>
    </ClCompile>
    <ClCompile Include="SubsetExp.cpp">
      <Filter>Source Files</Filter>
    </ClCompile>
    <ClCompile Include="ProperSubsetExp.cpp">
      <Filter>Source Files</Filter>
    </ClCompile>
    <ClCompile Include="SupersetExp.cpp">
      <Filter>Source Files</Filter>
    </ClCompile>
    <ClCompile Include="ProperSupersetExp.cpp">
      <Filter>Source Files</Filter>
    </ClCompile>
    <ClCompile Include="InExp.cpp">
      <Filter>Source Files</Filter>
    </ClCompile>
    <ClCompile Include="NotInExp.cpp">
      <Filter>Source Files</Filter>
    </ClCompile>
    <ClCompile Include="HasExp.cpp">
      <Filter>Source Files</Filter>
    </ClCompile>
    <ClCompile Include="NotHasExp.cpp">
      <Filter>Source Files</Filter>
    </ClCompile>
    <ClCompile Include="CastsExp.cpp">
      <Filter>Source Files</Filter>
    </ClCompile>
    <ClCompile Include="IsExp.cpp">
      <Filter>Source Files</Filter>
    </ClCompile>
    <ClCompile Include="ModulationExp.cpp">
      <Filter>Source Files</Filter>
    </ClCompile>
    <ClCompile Include="IntegerDivisionExp.cpp">
      <Filter>Source Files</Filter>
    </ClCompile>
  </ItemGroup>
</Project>