<?xml version="1.0" encoding="utf-8"?>
<Project ToolsVersion="4.0" xmlns="http://schemas.microsoft.com/developer/msbuild/2003">
  <ItemGroup>
    <Filter Include="include">
      <UniqueIdentifier>{dc11354f-2cef-4f7b-b4de-5c06656d64f8}</UniqueIdentifier>
    </Filter>
    <Filter Include="src">
      <UniqueIdentifier>{d8c7e725-0e55-468f-9f17-c7a4af4677b4}</UniqueIdentifier>
    </Filter>
    <Filter Include="include\parlex">
      <UniqueIdentifier>{1435c48e-4f77-44bb-b97a-438c3bf36d8d}</UniqueIdentifier>
    </Filter>
    <Filter Include="include\parlex\details">
      <UniqueIdentifier>{fcef0320-3782-43b2-850a-a59acf518604}</UniqueIdentifier>
    </Filter>
    <Filter Include="include\parlex\builtins">
      <UniqueIdentifier>{07f8ba38-924f-4519-84df-c663d21c8a11}</UniqueIdentifier>
    </Filter>
    <Filter Include="include\parlex\extras">
      <UniqueIdentifier>{adfe194c-3d67-499b-bd71-b4634fd625b2}</UniqueIdentifier>
    </Filter>
  </ItemGroup>
  <ItemGroup>
    <ClCompile Include="src\abstract_syntax_graph.cpp">
      <Filter>src</Filter>
    </ClCompile>
    <ClCompile Include="src\builtins.cpp">
      <Filter>src</Filter>
    </ClCompile>
    <ClCompile Include="src\context.cpp">
      <Filter>src</Filter>
    </ClCompile>
    <ClCompile Include="src\job.cpp">
      <Filter>src</Filter>
    </ClCompile>
    <ClCompile Include="src\logging.cpp">
      <Filter>src</Filter>
    </ClCompile>
    <ClCompile Include="src\match_class.cpp">
      <Filter>src</Filter>
    </ClCompile>
    <ClCompile Include="src\parser.cpp">
      <Filter>src</Filter>
    </ClCompile>
    <ClCompile Include="src\producer.cpp">
      <Filter>src</Filter>
    </ClCompile>
    <ClCompile Include="src\recognizer.cpp">
      <Filter>src</Filter>
    </ClCompile>
    <ClCompile Include="src\state_machine.cpp">
      <Filter>src</Filter>
    </ClCompile>
    <ClCompile Include="src\subjob.cpp">
      <Filter>src</Filter>
    </ClCompile>
    <ClCompile Include="src\token.cpp">
      <Filter>src</Filter>
    </ClCompile>
    <ClCompile Include="src\uni_trunc.cpp">
      <Filter>src</Filter>
    </ClCompile>
    <ClCompile Include="src\wirth.cpp">
      <Filter>src</Filter>
    </ClCompile>
  </ItemGroup>
  <ItemGroup>
    <ClInclude Include="include\parlex\abstract_syntax_graph.hpp">
      <Filter>include\parlex</Filter>
    </ClInclude>
    <ClInclude Include="include\parlex\builtins.hpp">
      <Filter>include\parlex</Filter>
    </ClInclude>
    <ClInclude Include="include\parlex\filter_function.hpp">
      <Filter>include\parlex</Filter>
    </ClInclude>
    <ClInclude Include="include\parlex\grammar.hpp">
      <Filter>include\parlex</Filter>
    </ClInclude>
    <ClInclude Include="include\parlex\match.hpp">
      <Filter>include\parlex</Filter>
    </ClInclude>
    <ClInclude Include="include\parlex\match_class.hpp">
      <Filter>include\parlex</Filter>
    </ClInclude>
    <ClInclude Include="include\parlex\parser.hpp">
      <Filter>include\parlex</Filter>
    </ClInclude>
    <ClInclude Include="include\parlex\permutation.hpp">
      <Filter>include\parlex</Filter>
    </ClInclude>
    <ClInclude Include="include\parlex\producer.hpp">
      <Filter>include\parlex</Filter>
    </ClInclude>
    <ClInclude Include="include\parlex\recognizer.hpp">
      <Filter>include\parlex</Filter>
    </ClInclude>
    <ClInclude Include="include\parlex\state_machine.hpp">
      <Filter>include\parlex</Filter>
    </ClInclude>
    <ClInclude Include="include\parlex\terminal.hpp">
      <Filter>include\parlex</Filter>
    </ClInclude>
    <ClInclude Include="include\parlex\token.hpp">
      <Filter>include\parlex</Filter>
    </ClInclude>
    <ClInclude Include="include\parlex\details\context.hpp">
      <Filter>include\parlex\details</Filter>
    </ClInclude>
    <ClInclude Include="include\parlex\details\job.hpp">
      <Filter>include\parlex\details</Filter>
    </ClInclude>
    <ClInclude Include="include\parlex\details\logging.hpp">
      <Filter>include\parlex\details</Filter>
    </ClInclude>
    <ClInclude Include="include\parlex\details\subjob.hpp">
      <Filter>include\parlex\details</Filter>
    </ClInclude>
    <ClInclude Include="include\parlex\details\uni_trunc.hpp">
      <Filter>include\parlex\details</Filter>
    </ClInclude>
    <ClInclude Include="include\parlex\builtins\any_character.hpp">
      <Filter>include\parlex\builtins</Filter>
    </ClInclude>
    <ClInclude Include="include\parlex\builtins\set_terminal.hpp">
      <Filter>include\parlex\builtins</Filter>
    </ClInclude>
    <ClInclude Include="include\parlex\builtins\string_terminal.hpp">
      <Filter>include\parlex\builtins</Filter>
    </ClInclude>
    <ClInclude Include="include\parlex\builtins\unicode.hpp">
      <Filter>include\parlex\builtins</Filter>
    </ClInclude>
    <ClInclude Include="include\parlex\extras\wirth.hpp">
      <Filter>include\parlex\extras</Filter>
    </ClInclude>
  </ItemGroup>
</Project>