
Microsoft Visual Studio Solution File, Format Version 12.00
# Visual Studio 14
VisualStudioVersion = 14.0.24720.0
MinimumVisualStudioVersion = 10.0.40219.1
Project("{8BC9CEB8-8B4A-11D0-8D11-00A0C91BC942}") = "parlex", "parlex\parlex.vcxproj", "{58B02F82-C176-4891-B8DF-4549F45991C0}"
EndProject
Project("{8BC9CEB8-8B4A-11D0-8D11-00A0C91BC942}") = "test", "parlex\test\test\test.vcxproj", "{AC1C2E23-3BAC-466B-809E-322AFBAB472F}"
EndProject
Global
	GlobalSection(SolutionConfigurationPlatforms) = preSolution
		Debug|Any CPU = Debug|Any CPU
		Debug|x64 = Debug|x64
		Debug|x86 = Debug|x86
		Release|Any CPU = Release|Any CPU
		Release|x64 = Release|x64
		Release|x86 = Release|x86
	EndGlobalSection
	GlobalSection(ProjectConfigurationPlatforms) = postSolution
		{58B02F82-C176-4891-B8DF-4549F45991C0}.Debug|Any CPU.ActiveCfg = Debug|Win32
		{58B02F82-C176-4891-B8DF-4549F45991C0}.Debug|Any CPU.Build.0 = Debug|Win32
		{58B02F82-C176-4891-B8DF-4549F45991C0}.Debug|x64.ActiveCfg = Debug|x64
		{58B02F82-C176-4891-B8DF-4549F45991C0}.Debug|x64.Build.0 = Debug|x64
		{58B02F82-C176-4891-B8DF-4549F45991C0}.Debug|x86.ActiveCfg = Debug|Win32
		{58B02F82-C176-4891-B8DF-4549F45991C0}.Debug|x86.Build.0 = Debug|Win32
		{58B02F82-C176-4891-B8DF-4549F45991C0}.Release|Any CPU.ActiveCfg = Release|Win32
		{58B02F82-C176-4891-B8DF-4549F45991C0}.Release|Any CPU.Build.0 = Release|Win32
		{58B02F82-C176-4891-B8DF-4549F45991C0}.Release|x64.ActiveCfg = Release|x64
		{58B02F82-C176-4891-B8DF-4549F45991C0}.Release|x64.Build.0 = Release|x64
		{58B02F82-C176-4891-B8DF-4549F45991C0}.Release|x86.ActiveCfg = Release|Win32
		{58B02F82-C176-4891-B8DF-4549F45991C0}.Release|x86.Build.0 = Release|Win32
		{AC1C2E23-3BAC-466B-809E-322AFBAB472F}.Debug|Any CPU.ActiveCfg = Debug|Win32
		{AC1C2E23-3BAC-466B-809E-322AFBAB472F}.Debug|Any CPU.Build.0 = Debug|Win32
		{AC1C2E23-3BAC-466B-809E-322AFBAB472F}.Debug|x64.ActiveCfg = Debug|x64
		{AC1C2E23-3BAC-466B-809E-322AFBAB472F}.Debug|x64.Build.0 = Debug|x64
		{AC1C2E23-3BAC-466B-809E-322AFBAB472F}.Debug|x86.ActiveCfg = Debug|Win32
		{AC1C2E23-3BAC-466B-809E-322AFBAB472F}.Debug|x86.Build.0 = Debug|Win32
		{AC1C2E23-3BAC-466B-809E-322AFBAB472F}.Release|Any CPU.ActiveCfg = Release|Win32
		{AC1C2E23-3BAC-466B-809E-322AFBAB472F}.Release|Any CPU.Build.0 = Release|Win32
		{AC1C2E23-3BAC-466B-809E-322AFBAB472F}.Release|x64.ActiveCfg = Release|x64
		{AC1C2E23-3BAC-466B-809E-322AFBAB472F}.Release|x64.Build.0 = Release|x64
		{AC1C2E23-3BAC-466B-809E-322AFBAB472F}.Release|x86.ActiveCfg = Release|Win32
		{AC1C2E23-3BAC-466B-809E-322AFBAB472F}.Release|x86.Build.0 = Release|Win32
	EndGlobalSection
	GlobalSection(SolutionProperties) = preSolution
		HideSolutionNode = FALSE
	EndGlobalSection
EndGlobal
